
Microsoft Visual Studio Solution File, Format Version 12.00
# Visual Studio Version 16
VisualStudioVersion = 16.0.31025.194
MinimumVisualStudioVersion = 10.0.40219.1
Project("{FAE04EC0-301F-11D3-BF4B-00C04F79EFBC}") = "Pong", "Pong\Pong.csproj", "{51957667-AE32-4429-830D-32BC36455FCE}"
EndProject
Global
	GlobalSection(SolutionConfigurationPlatforms) = preSolution
		Debug|Any CPU = Debug|Any CPU
		Release|Any CPU = Release|Any CPU
	EndGlobalSection
	GlobalSection(ProjectConfigurationPlatforms) = postSolution
		{51957667-AE32-4429-830D-32BC36455FCE}.Debug|Any CPU.ActiveCfg = Debug|Any CPU
		{51957667-AE32-4429-830D-32BC36455FCE}.Debug|Any CPU.Build.0 = Debug|Any CPU
		{51957667-AE32-4429-830D-32BC36455FCE}.Release|Any CPU.ActiveCfg = Release|Any CPU
		{51957667-AE32-4429-830D-32BC36455FCE}.Release|Any CPU.Build.0 = Release|Any CPU
	EndGlobalSection
	GlobalSection(SolutionProperties) = preSolution
		HideSolutionNode = FALSE
	EndGlobalSection
	GlobalSection(ExtensibilityGlobals) = postSolution
		SolutionGuid = {EFD4E55A-F385-4AB9-B4C9-18878022F8A8}
	EndGlobalSection
EndGlobal
